{
  "name": "bigassignment",
  "version": "1.0.0",
  "lockfileVersion": 1,
  "requires": true,
  "dependencies": {
    "vant-weapp": {
      "version": "0.5.28",
      "resolved": "https://registry.npmjs.org/vant-weapp/-/vant-weapp-0.5.28.tgz",
      "integrity": "sha512-GAJ2PTLuhXHWpAD5B7DdRQdkEFMdjdduuMzKkThUjIiQ63ESnaJvIEUbW3RgiUNNV7PYXwhOFOd6woR/JsTFLA=="
    },
    "wechat-miniprogram-rate": {
      "version": "1.0.0",
      "resolved": "https://registry.npmjs.org/wechat-miniprogram-rate/-/wechat-miniprogram-rate-1.0.0.tgz",
      "integrity": "sha512-xBFqh/tpoQ/3sTgf37lOGJFEcJ55Vbv0HtyYVFCq3TZr5f1muhX0vRNnI2y6U2boFz+rYkwA9hZC1UTZDWbBzA=="
    }
  }
}
